
Microsoft Visual Studio Solution File, Format Version 12.00
# Visual Studio Version 17
VisualStudioVersion = 17.1.32228.430
MinimumVisualStudioVersion = 10.0.40219.1
Project("{FAE04EC0-301F-11D3-BF4B-00C04F79EFBC}") = "MentalShower", "MentalShower.csproj", "{CA42D7DE-EB84-4A3B-8083-2E734530E64D}"
EndProject
Global
	GlobalSection(SolutionConfigurationPlatforms) = preSolution
		Debug|Any CPU = Debug|Any CPU
		Release|Any CPU = Release|Any CPU
	EndGlobalSection
	GlobalSection(ProjectConfigurationPlatforms) = postSolution
		{CA42D7DE-EB84-4A3B-8083-2E734530E64D}.Debug|Any CPU.ActiveCfg = Debug|Any CPU
		{CA42D7DE-EB84-4A3B-8083-2E734530E64D}.Debug|Any CPU.Build.0 = Debug|Any CPU
		{CA42D7DE-EB84-4A3B-8083-2E734530E64D}.Release|Any CPU.ActiveCfg = Release|Any CPU
		{CA42D7DE-EB84-4A3B-8083-2E734530E64D}.Release|Any CPU.Build.0 = Release|Any CPU
	EndGlobalSection
	GlobalSection(SolutionProperties) = preSolution
		HideSolutionNode = FALSE
	EndGlobalSection
	GlobalSection(ExtensibilityGlobals) = postSolution
		SolutionGuid = {30FD0426-6645-4BDB-9DEF-0E31E970CB1D}
	EndGlobalSection
EndGlobal
